
Microsoft Visual Studio Solution File, Format Version 12.00
# Visual Studio Version 16
VisualStudioVersion = 16.0.31613.86
MinimumVisualStudioVersion = 10.0.40219.1
Project("{FAE04EC0-301F-11D3-BF4B-00C04F79EFBC}") = "Senai.Rental.WebApi", "Senai.Rental.WebApi\Senai.Rental.WebApi.csproj", "{B515CE43-CCFB-40EC-961C-19CC514D534A}"
EndProject
Global
	GlobalSection(SolutionConfigurationPlatforms) = preSolution
		Debug|Any CPU = Debug|Any CPU
		Release|Any CPU = Release|Any CPU
	EndGlobalSection
	GlobalSection(ProjectConfigurationPlatforms) = postSolution
		{B515CE43-CCFB-40EC-961C-19CC514D534A}.Debug|Any CPU.ActiveCfg = Debug|Any CPU
		{B515CE43-CCFB-40EC-961C-19CC514D534A}.Debug|Any CPU.Build.0 = Debug|Any CPU
		{B515CE43-CCFB-40EC-961C-19CC514D534A}.Release|Any CPU.ActiveCfg = Release|Any CPU
		{B515CE43-CCFB-40EC-961C-19CC514D534A}.Release|Any CPU.Build.0 = Release|Any CPU
	EndGlobalSection
	GlobalSection(SolutionProperties) = preSolution
		HideSolutionNode = FALSE
	EndGlobalSection
	GlobalSection(ExtensibilityGlobals) = postSolution
		SolutionGuid = {BF5DE65D-2A54-4317-AE37-90B3F99C42FE}
	EndGlobalSection
EndGlobal
